
Microsoft Visual Studio Solution File, Format Version 12.00
# Visual Studio Version 17
VisualStudioVersion = 17.13.35931.197 d17.13
MinimumVisualStudioVersion = 10.0.40219.1
Project("{FAE04EC0-301F-11D3-BF4B-00C04F79EFBC}") = "AppService", "AppService\AppService.csproj", "{FE506626-8F7A-4E60-BD57-A2589A69EB06}"
EndProject
Project("{FAE04EC0-301F-11D3-BF4B-00C04F79EFBC}") = "StorageService", "StorageService\StorageService.csproj", "{23A2A1BD-1F0F-456D-87E8-48B01B55D4CA}"
EndProject
Project("{E53339B2-1760-4266-BCC7-CA923CBCF16C}") = "docker-compose", "docker-compose.dcproj", "{81DDED9D-158B-E303-5F62-77A2896D2A5A}"
EndProject
Project("{2150E333-8FDC-42A3-9474-1A3956D46DE8}") = "src", "src", "{02EA681E-C7D8-13C7-8484-4AC65E1B71E8}"
EndProject
Global
	GlobalSection(SolutionConfigurationPlatforms) = preSolution
		Debug|Any CPU = Debug|Any CPU
		Release|Any CPU = Release|Any CPU
	EndGlobalSection
	GlobalSection(ProjectConfigurationPlatforms) = postSolution
		{FE506626-8F7A-4E60-BD57-A2589A69EB06}.Debug|Any CPU.ActiveCfg = Debug|Any CPU
		{FE506626-8F7A-4E60-BD57-A2589A69EB06}.Debug|Any CPU.Build.0 = Debug|Any CPU
		{FE506626-8F7A-4E60-BD57-A2589A69EB06}.Release|Any CPU.ActiveCfg = Release|Any CPU
		{FE506626-8F7A-4E60-BD57-A2589A69EB06}.Release|Any CPU.Build.0 = Release|Any CPU
		{23A2A1BD-1F0F-456D-87E8-48B01B55D4CA}.Debug|Any CPU.ActiveCfg = Debug|Any CPU
		{23A2A1BD-1F0F-456D-87E8-48B01B55D4CA}.Debug|Any CPU.Build.0 = Debug|Any CPU
		{23A2A1BD-1F0F-456D-87E8-48B01B55D4CA}.Release|Any CPU.ActiveCfg = Release|Any CPU
		{23A2A1BD-1F0F-456D-87E8-48B01B55D4CA}.Release|Any CPU.Build.0 = Release|Any CPU
		{81DDED9D-158B-E303-5F62-77A2896D2A5A}.Debug|Any CPU.ActiveCfg = Debug|Any CPU
		{81DDED9D-158B-E303-5F62-77A2896D2A5A}.Debug|Any CPU.Build.0 = Debug|Any CPU
		{81DDED9D-158B-E303-5F62-77A2896D2A5A}.Release|Any CPU.ActiveCfg = Release|Any CPU
		{81DDED9D-158B-E303-5F62-77A2896D2A5A}.Release|Any CPU.Build.0 = Release|Any CPU
	EndGlobalSection
	GlobalSection(SolutionProperties) = preSolution
		HideSolutionNode = FALSE
	EndGlobalSection
	GlobalSection(NestedProjects) = preSolution
		{FE506626-8F7A-4E60-BD57-A2589A69EB06} = {02EA681E-C7D8-13C7-8484-4AC65E1B71E8}
		{23A2A1BD-1F0F-456D-87E8-48B01B55D4CA} = {02EA681E-C7D8-13C7-8484-4AC65E1B71E8}
	EndGlobalSection
	GlobalSection(ExtensibilityGlobals) = postSolution
		SolutionGuid = {BBDFA84C-D672-43B5-A040-6CF94B589E3A}
	EndGlobalSection
EndGlobal
